season = "2026.09"

[judges.weeder]
version = "0.1.0"

[judges.weeder.platforms."aarch64-apple-darwin"]
url = "https://github.com/jahala/weeder/releases/download/v0.1.0/weeder-aarch64-apple-darwin.tar.gz"
sha256 = "6ae4f3e626840edcd08b1dea6118c88d01ffabb845a36d19f19c885d47d5095b"

[judges.weeder.platforms."x86_64-unknown-linux-musl"]
url = "https://github.com/jahala/weeder/releases/download/v0.1.0/weeder-x86_64-unknown-linux-musl.tar.gz"
sha256 = "1ad2bdae7f784ffc5dc5710896a67321fc4b5a193c49ea3ae4e3131b3cf32d75"

[judges.tilth]
version = "1.0.0"

[judges.tilth.platforms."aarch64-apple-darwin"]
url = "https://github.com/jahala/tilth/releases/download/v1.0.0/tilth-aarch64-apple-darwin.tar.gz"
sha256 = "da865417c06f59ac11bd105f3578014785dd998107b61060b8122d140d45819d"

[judges.tend2]
version = "1.0.0"
npm = "@plotplot/tend2"
