# Every digest here is a published GitHub release asset digest, read from the platform on
# 2026-09-08 (tilth) and 2026-09-09 (weeder v0.2.2, the first release with all five platforms).
season = "2026.09"

[judges.weeder]
version = "0.2.2"

[judges.weeder.platforms."aarch64-apple-darwin"]
url = "https://github.com/jahala/weeder/releases/download/v0.2.2/weeder-aarch64-apple-darwin.tar.gz"
sha256 = "5222f54117a8443ece0e68975b55fadf4663b13dd0d2f0af383a5539034d37e2"

[judges.weeder.platforms."aarch64-unknown-linux-musl"]
url = "https://github.com/jahala/weeder/releases/download/v0.2.2/weeder-aarch64-unknown-linux-musl.tar.gz"
sha256 = "fe5ed5d9fb0f1ae4e79624d3fc5b85c25e9579be411a220fc549230928caf564"

[judges.weeder.platforms."x86_64-apple-darwin"]
url = "https://github.com/jahala/weeder/releases/download/v0.2.2/weeder-x86_64-apple-darwin.tar.gz"
sha256 = "16252b57dd41fd1653722a3e3aba65b37db8ee95a6f618e235de71d27f769a97"

[judges.weeder.platforms."x86_64-unknown-linux-musl"]
url = "https://github.com/jahala/weeder/releases/download/v0.2.2/weeder-x86_64-unknown-linux-musl.tar.gz"
sha256 = "605e7e5aea3f510bb34457062ac2ae346636fd5a21b4d9b72bf571ad32c033c9"

[judges.weeder.platforms."x86_64-pc-windows-msvc"]
url = "https://github.com/jahala/weeder/releases/download/v0.2.2/weeder-x86_64-pc-windows-msvc.tar.gz"
sha256 = "8673d5d3f0531761956556948949b7a5d8e99a9fae2a90ed91a3abacc2866f74"

[judges.tilth]
version = "0.10.1"

[judges.tilth.platforms."aarch64-apple-darwin"]
url = "https://github.com/jahala/tilth/releases/download/v0.10.1/tilth-aarch64-apple-darwin.tar.gz"
sha256 = "38c36e471f61d5a7101d9e0f9dfd401939c5a363e0f4a96384b86f43a662fa55"

[judges.tilth.platforms."aarch64-unknown-linux-musl"]
url = "https://github.com/jahala/tilth/releases/download/v0.10.1/tilth-aarch64-unknown-linux-musl.tar.gz"
sha256 = "d054263a201ed924d809582b0d13c3eae3e34b65baad941acba44386a913b9e6"

[judges.tilth.platforms."x86_64-apple-darwin"]
url = "https://github.com/jahala/tilth/releases/download/v0.10.1/tilth-x86_64-apple-darwin.tar.gz"
sha256 = "3858cfc804a9667a2bceec27b61cf625c7835cd1c77d69a1aba15ecfcb2dad6f"

[judges.tilth.platforms."x86_64-unknown-linux-musl"]
url = "https://github.com/jahala/tilth/releases/download/v0.10.1/tilth-x86_64-unknown-linux-musl.tar.gz"
sha256 = "3df16574ed9fc33e4d9c63107994c78d48f93ab0099a37232b4410223e2ad2ea"

[judges.tend2]
version = "1.0.0"
npm = "@plotplot/tend2"
